{
  "version": "5",
  "redirects": {
    "https://esm.sh/@sanity/eventsource@^5.0.2?target=denonext": "https://esm.sh/@sanity/eventsource@5.0.2?target=denonext",
    "https://esm.sh/get-it@^8.6.9/middleware?target=denonext": "https://esm.sh/get-it@8.6.10/middleware?target=denonext",
    "https://esm.sh/get-it@^8.6.9?target=denonext": "https://esm.sh/get-it@8.6.10?target=denonext",
    "https://esm.sh/nanoid@^3.3.11?target=denonext": "https://esm.sh/nanoid@3.3.11?target=denonext",
    "https://esm.sh/rxjs@^7.0.0/operators?target=denonext": "https://esm.sh/rxjs@7.8.2/operators?target=denonext",
    "https://esm.sh/rxjs@^7.0.0?target=denonext": "https://esm.sh/rxjs@7.8.2?target=denonext",
    "https://esm.sh/tslib@^2.1.0?target=denonext": "https://esm.sh/tslib@2.8.1?target=denonext"
  },
  "remote": {
    "https://esm.sh/@bunny.net/edgescript-sdk@0.10.0": "83008f8f6ffd1e06a73b8c8e90d1986a68f8322239b37d90820b2db36f40167e",
    "https://esm.sh/@bunny.net/edgescript-sdk@0.10.0/denonext/edgescript-sdk.mjs": "cadbbba07da5906be2ca59d95877a4ebc82aa372acdca827c1dbcf4c0474ce03",
    "https://esm.sh/@sanity/client@7.12.0": "53d827df1003caad453af6246310f457a06e10b50e850a3315e23e458eea7f71",
    "https://esm.sh/@sanity/client@7.12.0/denonext/client.mjs": "98b98d38b4fc0d234c1be45af67adbed345def615db6dbd8dc65d190f038d4cd",
    "https://esm.sh/@sanity/client@7.12.0/denonext/csm.mjs": "af1ca1eba00cf96e4181a5c746419d812c4d3e240c42e010b54c128a20044c6b",
    "https://esm.sh/@sanity/client@7.12.0/denonext/dist/_chunks-es/stegaClean.mjs": "affed361f715606fb35e1a748617e7ff81770f895b97ca2a2542bceff421212c",
    "https://esm.sh/@sanity/client@7.12.0/denonext/dist/_chunks-es/stegaEncodeSourceMap.mjs": "620a97a524175a855006655190533b2f352d7250fbcba928796ac4bcea617d03",
    "https://esm.sh/@sanity/eventsource@5.0.2/denonext/eventsource.mjs": "2602621c9855464fe27bcec5a1439837d758061febb500b4f94d3033d556df6d",
    "https://esm.sh/@sanity/eventsource@5.0.2?target=denonext": "cf8a810e2ac256150ee45d89f8b3578e96cb052e2bf9c58abb15d24e899662c5",
    "https://esm.sh/@sanity/image-url@1.2.0": "3f0a966649ccc1ca141a0767f6e8712ccaf63cbebd607bf85293dd4598f291d8",
    "https://esm.sh/@sanity/image-url@1.2.0/denonext/image-url.mjs": "b3ef63e9c6987c12860ec8ca054bf54f88fbe43487f1f6c600bc42f9b401972c",
    "https://esm.sh/event-source-polyfill@1.0.31/denonext/event-source-polyfill.mjs": "323a39d8a1686055a06175065a7d19ba93ca5b52284bfc085957b5e1e07e6db1",
    "https://esm.sh/get-it@8.6.10/denonext/get-it.mjs": "3d2b2d07e43f24a9d8448a9f3cb58d15b8165a7f6992060f24c3a5558e88f984",
    "https://esm.sh/get-it@8.6.10/denonext/middleware.mjs": "d0c79634f7753782e2376082a497d00553af095e7ad06d28d8f47842f91c85fb",
    "https://esm.sh/get-it@8.6.10/middleware?target=denonext": "653ebd1c451d15761b405bf1c7802fec548c42ce9e0071a5a9ba22d8d0b82a61",
    "https://esm.sh/get-it@8.6.10?target=denonext": "3d6e640a3e7b89e14118a8f74afe174c133e60a7ffe1f841527fca3ae5ac3698",
    "https://esm.sh/nanoid@3.3.11/denonext/nanoid.mjs": "3df396d65846ada8fa06d6f5a6c88af7810ce12337b35f70ceb42b7481efba2d",
    "https://esm.sh/nanoid@3.3.11/denonext/url-alphabet.mjs": "dc88e619d0fd5fb2d1120170fc6846218d5984bc3a52fd9062c1e5f46c32eb26",
    "https://esm.sh/nanoid@3.3.11?target=denonext": "4ef0b8b683bc68a41c030e83e315f2e0642e99e9862ca18640eb882f3fa7cadf",
    "https://esm.sh/rxjs@7.8.2/denonext/dist/esm/internal/AsyncSubject.mjs": "c2a29cab3390c3532a1f9e98a0bc384cfe76a417117683780658433c2de9bc5e",
    "https://esm.sh/rxjs@7.8.2/denonext/dist/esm/internal/BehaviorSubject.mjs": "747190acb030f3b6a0e25146f488e53a7506545b93bfceb060755c2c78edfc68",
    "https://esm.sh/rxjs@7.8.2/denonext/dist/esm/internal/Notification.mjs": "c2cbd33bc9fd301beb86273d71710f1632ac5be5ed5cad853f4b13586864fb18",
    "https://esm.sh/rxjs@7.8.2/denonext/dist/esm/internal/NotificationFactories.mjs": "e5fb17f8f0197b4631375c519ac369dffa69351d1ed70b6aa635e21767105427",
    "https://esm.sh/rxjs@7.8.2/denonext/dist/esm/internal/Observable.mjs": "18e5395913ef35cc176b09453ee2761b63973b5cc0f74ea7783cbc3eaa84664b",
    "https://esm.sh/rxjs@7.8.2/denonext/dist/esm/internal/ReplaySubject.mjs": "cc6e6cd5d928bc54311ab57d66ed68be638275aa3efbc222a83574249c65636f",
    "https://esm.sh/rxjs@7.8.2/denonext/dist/esm/internal/Scheduler.mjs": "8aa62ba0d0e0f1e39fad410332cbdb5bd3d143473243a8c7277f0fc2047c2924",
    "https://esm.sh/rxjs@7.8.2/denonext/dist/esm/internal/Subject.mjs": "e4ee8998d219614bbff7559babf6885a35eda59756db4eb60e35e978ba65cff5",
    "https://esm.sh/rxjs@7.8.2/denonext/dist/esm/internal/Subscriber.mjs": "d9c678a20b580f97598439e70d30c45d82648a56e9148a8403ef501183dae658",
    "https://esm.sh/rxjs@7.8.2/denonext/dist/esm/internal/Subscription.mjs": "54f1f636209bb044161c846d971c967f39bd77d4b761d830f5ebe87ba343b185",
    "https://esm.sh/rxjs@7.8.2/denonext/dist/esm/internal/config.mjs": "b6bf25e80950816a66f07ca733d95a2cbab3905d32ef824265a51800cbceaddc",
    "https://esm.sh/rxjs@7.8.2/denonext/dist/esm/internal/observable/ConnectableObservable.mjs": "314e4ebbbac4577a53190017c1b8cc7ee185f1044db3722c6b712bc5297676de",
    "https://esm.sh/rxjs@7.8.2/denonext/dist/esm/internal/observable/combineLatest.mjs": "9128701aab60c054ae5ec3483460e268fb3c53a936df032c540131895b01c855",
    "https://esm.sh/rxjs@7.8.2/denonext/dist/esm/internal/observable/concat.mjs": "f5475445e725df3db14ebb6c6e78b6ce9b8182c9f730e5b96960dc5f32c43e1f",
    "https://esm.sh/rxjs@7.8.2/denonext/dist/esm/internal/observable/empty.mjs": "d8b79ca9203560cd1f096fb89a31f0a0ff997728873e9166d910ac547d59b045",
    "https://esm.sh/rxjs@7.8.2/denonext/dist/esm/internal/observable/from.mjs": "f55a1529c4b74b2821e531d00bffb83e6a5e34777d108558c1bfa7c5cb865095",
    "https://esm.sh/rxjs@7.8.2/denonext/dist/esm/internal/observable/innerFrom.mjs": "8bac5c171c0474d944054f947434e77ab571273f232ff7ea72c062252fe2b1dc",
    "https://esm.sh/rxjs@7.8.2/denonext/dist/esm/internal/observable/interval.mjs": "2f481d970a047bb2eba35ba3a66d51f459460236045c862f980885761b964618",
    "https://esm.sh/rxjs@7.8.2/denonext/dist/esm/internal/observable/of.mjs": "ad281ebb27622a7694d934dc173d9e942f00c470a7d3fcab46f96421f1125a33",
    "https://esm.sh/rxjs@7.8.2/denonext/dist/esm/internal/observable/onErrorResumeNext.mjs": "c195e2d9c2c7b985754a76b049420458dc6c2af18e83de5bd171c5f08d513bef",
    "https://esm.sh/rxjs@7.8.2/denonext/dist/esm/internal/observable/race.mjs": "f66bb964449c4c1f7416f248749042ba9b2e55940006e478e068108b72d2f7c7",
    "https://esm.sh/rxjs@7.8.2/denonext/dist/esm/internal/observable/throwError.mjs": "c3894b22e1eb3baf6d27ddcffb98434721054fc0aa1b6c18398d355acff3f716",
    "https://esm.sh/rxjs@7.8.2/denonext/dist/esm/internal/observable/timer.mjs": "b8a7cc291a0ee1997561e45ad69a941c1e17c4b44f6a78c168a9c861ed15c62a",
    "https://esm.sh/rxjs@7.8.2/denonext/dist/esm/internal/observable/zip.mjs": "83202bc0270cc30a82319cc3b88a28f30f4eb17b7dcc4ea97a60734ca55ef96d",
    "https://esm.sh/rxjs@7.8.2/denonext/dist/esm/internal/operators/OperatorSubscriber.mjs": "313779e7997e3f27735b720a83623ac407e00654841a5cd2d874c8f45c9b240e",
    "https://esm.sh/rxjs@7.8.2/denonext/dist/esm/internal/operators/audit.mjs": "de7073cf71399995a3ca79106988b7bf50a73d0894eaaa5537400c51c496e263",
    "https://esm.sh/rxjs@7.8.2/denonext/dist/esm/internal/operators/auditTime.mjs": "51997bd77d53bf82b9516a2e543adbc0bd87968f3e721cdb24c624f5aa4e1cae",
    "https://esm.sh/rxjs@7.8.2/denonext/dist/esm/internal/operators/buffer.mjs": "b1cee308e77fac7c75aa667653e9e5841e34bcde55d255b95c6607afecbf8a00",
    "https://esm.sh/rxjs@7.8.2/denonext/dist/esm/internal/operators/bufferCount.mjs": "47d3e39d7a3c1a3a9b48696fe62280331af413eabae416ad94e43787f2934d66",
    "https://esm.sh/rxjs@7.8.2/denonext/dist/esm/internal/operators/bufferTime.mjs": "bd81b5eac1bdcd1134e38360d4e168502b37b313d27b0b6a898634b45adfcb8f",
    "https://esm.sh/rxjs@7.8.2/denonext/dist/esm/internal/operators/bufferToggle.mjs": "a33ee6c4af7506d19208b9538b4c30738ba0aa00709e3d21a4cd48b7536aacb6",
    "https://esm.sh/rxjs@7.8.2/denonext/dist/esm/internal/operators/bufferWhen.mjs": "fc1899d1612bba94021f0bc614eb14a442af00434605f7fdcaddd3e01a0eedbc",
    "https://esm.sh/rxjs@7.8.2/denonext/dist/esm/internal/operators/catchError.mjs": "1b4d10f88ab3eb02615c55614219a046239a0b209428f57caf5406b8dc0e7e93",
    "https://esm.sh/rxjs@7.8.2/denonext/dist/esm/internal/operators/combineAll.mjs": "fba1c955135f14a43b7c2c919b91a88f0e41ee1f6e2393211a679a77192721f1",
    "https://esm.sh/rxjs@7.8.2/denonext/dist/esm/internal/operators/combineLatest.mjs": "95b199c5a3c046a43049964934818257acfaad7324f9f9d68fda1429e91fb71a",
    "https://esm.sh/rxjs@7.8.2/denonext/dist/esm/internal/operators/combineLatestAll.mjs": "22d5b4ad3732ad4ee293001552fff17952e1c7d1bb8f98f6d8f5382903177ad2",
    "https://esm.sh/rxjs@7.8.2/denonext/dist/esm/internal/operators/combineLatestWith.mjs": "758cb5790e7c7fbd0ab1fa0a753607234757400a8ebd7043c464a119a64780b6",
    "https://esm.sh/rxjs@7.8.2/denonext/dist/esm/internal/operators/concat.mjs": "82e81480ef82f07ae1cf058c7981078e81fe4b36c8ebaa1f7dd32690e6113b56",
    "https://esm.sh/rxjs@7.8.2/denonext/dist/esm/internal/operators/concatAll.mjs": "0d36721768f2c6657f69697442d6d5dd016079b68c8a98d35baf8959059d7f0e",
    "https://esm.sh/rxjs@7.8.2/denonext/dist/esm/internal/operators/concatMap.mjs": "7d8391df0df9db5419783a9009fb9e28632a58235f86e5c4e0955af0d71e4dbf",
    "https://esm.sh/rxjs@7.8.2/denonext/dist/esm/internal/operators/concatMapTo.mjs": "6a73522d70de3ba45ff006417028d7744ff3e4fc85a7aad4190e5d41d1a49ae3",
    "https://esm.sh/rxjs@7.8.2/denonext/dist/esm/internal/operators/concatWith.mjs": "cddf79a89c513b8ccce79fd824279c5091c3217cc77c1d9755fdfa57d9e55e27",
    "https://esm.sh/rxjs@7.8.2/denonext/dist/esm/internal/operators/connect.mjs": "c73a62b65582bc2b58c5aa88dbb4508351db53348c7c2539d52f25e97df6bebf",
    "https://esm.sh/rxjs@7.8.2/denonext/dist/esm/internal/operators/count.mjs": "0003dd1a3a8d08bc59be607fe0f3c0693e2ebebe02627dc671edb45a29a717d6",
    "https://esm.sh/rxjs@7.8.2/denonext/dist/esm/internal/operators/debounce.mjs": "91a0ad1a7015c9eb4e02da467885a830ba9f68c65770ffe3f4a9005245ea6398",
    "https://esm.sh/rxjs@7.8.2/denonext/dist/esm/internal/operators/debounceTime.mjs": "1421f1b16caf8aa35320e124bd3b30a1d21b73c646c43be3c6e4b753e59f3a5e",
    "https://esm.sh/rxjs@7.8.2/denonext/dist/esm/internal/operators/defaultIfEmpty.mjs": "e6f60f165015777d340ab6d27e55eabb203d03758514cf515e0abb4af408ad87",
    "https://esm.sh/rxjs@7.8.2/denonext/dist/esm/internal/operators/delay.mjs": "21913ee3cbc13987701984ab8a84b0d11e078b9086f72662bf5588e7aab9a2a4",
    "https://esm.sh/rxjs@7.8.2/denonext/dist/esm/internal/operators/delayWhen.mjs": "e4840cc2cfa459efb75b2ca93c41bd4333d79c5914e53f0ea5e7d40d8e390a78",
    "https://esm.sh/rxjs@7.8.2/denonext/dist/esm/internal/operators/dematerialize.mjs": "6189bad7120ec6087e06871edd07145f663637b14d4babdf8b6a5315f37100db",
    "https://esm.sh/rxjs@7.8.2/denonext/dist/esm/internal/operators/distinct.mjs": "4d11a3751684e964674e75d4daaf4ea8d75d42f382a9f2ac928b9c6db604c228",
    "https://esm.sh/rxjs@7.8.2/denonext/dist/esm/internal/operators/distinctUntilChanged.mjs": "982f8d912feb980122548f30ad3c3ced99956054adc8952e040a5c9156127bde",
    "https://esm.sh/rxjs@7.8.2/denonext/dist/esm/internal/operators/distinctUntilKeyChanged.mjs": "273057bd4880e119c3120a44d51845a54cc63c27dffea6f0603bf0171a28fa68",
    "https://esm.sh/rxjs@7.8.2/denonext/dist/esm/internal/operators/elementAt.mjs": "92ea9eee48997869479bec021cd462e2cba24150a83e7db9f539ebc81c3f7fda",
    "https://esm.sh/rxjs@7.8.2/denonext/dist/esm/internal/operators/endWith.mjs": "da045fc447f34ef84e11f33f0abe8dde1ab6d00e6a76d76fbd0cbf88ac011b1e",
    "https://esm.sh/rxjs@7.8.2/denonext/dist/esm/internal/operators/every.mjs": "618692e3e05ce013735011bdd50a911eef267ec6bcde7ee3f8c010ff81b02166",
    "https://esm.sh/rxjs@7.8.2/denonext/dist/esm/internal/operators/exhaust.mjs": "122d77d5e9dea870ef75bc5435fd8c7e74c72cd476816e776e83238722ef5b56",
    "https://esm.sh/rxjs@7.8.2/denonext/dist/esm/internal/operators/exhaustAll.mjs": "fe30c164c0c7c5eed6490966c017c9ddb5af4a97b70229ba09228a30c4e0dee1",
    "https://esm.sh/rxjs@7.8.2/denonext/dist/esm/internal/operators/exhaustMap.mjs": "b66187837415205dced5a174c1321bc9a40ee65b2f1f45bba7532155d75c9e4a",
    "https://esm.sh/rxjs@7.8.2/denonext/dist/esm/internal/operators/expand.mjs": "4b37c6f8d948a4dcac6992bbc35861129b6a1d241050e0813898e57a2967b846",
    "https://esm.sh/rxjs@7.8.2/denonext/dist/esm/internal/operators/filter.mjs": "4d28eaf96ba6f1536b5f5a9ae0aa0d5583a49ed1016672e8024ce8ad26f07bdd",
    "https://esm.sh/rxjs@7.8.2/denonext/dist/esm/internal/operators/finalize.mjs": "12e724db1e4adecacd0c26ce0588cdbfe137cb679d5f4d94e04a46fbb750736b",
    "https://esm.sh/rxjs@7.8.2/denonext/dist/esm/internal/operators/find.mjs": "b9ac116d156e372d749982867c132397a530fee4a6a7e587c42b490604db9ea6",
    "https://esm.sh/rxjs@7.8.2/denonext/dist/esm/internal/operators/findIndex.mjs": "fbf2f1f854bde534c99b3619c591b7812bc9e8bb8ad3767f1431bc09b4815766",
    "https://esm.sh/rxjs@7.8.2/denonext/dist/esm/internal/operators/first.mjs": "c249ea5af759e4725438d5a495827e673cb6d7de30c7f4be76a9cd818c6bc989",
    "https://esm.sh/rxjs@7.8.2/denonext/dist/esm/internal/operators/flatMap.mjs": "99ef3951841a730d4ea6a3ea61b95a031ff0bb131f4e0f936e93e8d03a38e722",
    "https://esm.sh/rxjs@7.8.2/denonext/dist/esm/internal/operators/groupBy.mjs": "05ac45e6b3ea7fc7a23722bd3f0bbdb357c7b7381d512cfe4bccaaca962911f0",
    "https://esm.sh/rxjs@7.8.2/denonext/dist/esm/internal/operators/ignoreElements.mjs": "4230968ee28c7bae4748c59c292c3444fcccdd76fe93553df7410b500441ecda",
    "https://esm.sh/rxjs@7.8.2/denonext/dist/esm/internal/operators/isEmpty.mjs": "1237e882ad6de58277473c6ed645d8b33c3d3eec18cee574dd14b1bcc5ad4f76",
    "https://esm.sh/rxjs@7.8.2/denonext/dist/esm/internal/operators/joinAllInternals.mjs": "6016830b8f60bf71468aac08a52f709ccb14569f4a432976172dd75c49ca0a0f",
    "https://esm.sh/rxjs@7.8.2/denonext/dist/esm/internal/operators/last.mjs": "96fdb83bfb9bb8015017a0cdf5ab4268b663bd95fa03e594adba3a7e95b3ea05",
    "https://esm.sh/rxjs@7.8.2/denonext/dist/esm/internal/operators/map.mjs": "7c0b8661558a790c3d63e16c79b4327b702a349dd9ff850e6d17c772f0d12b84",
    "https://esm.sh/rxjs@7.8.2/denonext/dist/esm/internal/operators/mapTo.mjs": "0316342e86c328caea7c510a5f8c3921e8a151eaf8bd5c75ffe2077fca9f0203",
    "https://esm.sh/rxjs@7.8.2/denonext/dist/esm/internal/operators/materialize.mjs": "99aa5ede0f4c1ffac69b71bf1a9188aa9e0cb8abbc3d143e8f70fd3a7fab50d1",
    "https://esm.sh/rxjs@7.8.2/denonext/dist/esm/internal/operators/max.mjs": "017d59f41f125409c6b3d5e0ea0a81b3f16c5925cc0897195b3d69210a618ac9",
    "https://esm.sh/rxjs@7.8.2/denonext/dist/esm/internal/operators/merge.mjs": "a76ddd4a8d803a20ce7149596eeeb91eb37138f2b9ba9766e5eda94f6f561a35",
    "https://esm.sh/rxjs@7.8.2/denonext/dist/esm/internal/operators/mergeAll.mjs": "977d84ae71495fb48b8298ceda364c847d1dcb2544f28087aba95791352b92e4",
    "https://esm.sh/rxjs@7.8.2/denonext/dist/esm/internal/operators/mergeInternals.mjs": "472ea3428c40537bd796cc1dd2ff2a0c5b865149c9c4acff881c4edd06f75c5a",
    "https://esm.sh/rxjs@7.8.2/denonext/dist/esm/internal/operators/mergeMap.mjs": "c71fc6d6b06f4ebd6cec1248976ace91c51fae0e3a3247cfc59253a5a4385b88",
    "https://esm.sh/rxjs@7.8.2/denonext/dist/esm/internal/operators/mergeMapTo.mjs": "f639ad557788eb42b9d8c6e8259fe1ecece70e2342fe98851af76550ed3891b5",
    "https://esm.sh/rxjs@7.8.2/denonext/dist/esm/internal/operators/mergeScan.mjs": "3007b99f89c9d86f31ac761034541f24b0a88e244499ec3b0cf4305b9736db9f",
    "https://esm.sh/rxjs@7.8.2/denonext/dist/esm/internal/operators/mergeWith.mjs": "51b173928bf2d9eb1f666ff739ff4ff8f371d7422e8665fdcbbb6395187f6db4",
    "https://esm.sh/rxjs@7.8.2/denonext/dist/esm/internal/operators/min.mjs": "8291de529ed70ff770a9584ea1bee9fe7ceccd97b426b511cf42fb620915caf5",
    "https://esm.sh/rxjs@7.8.2/denonext/dist/esm/internal/operators/multicast.mjs": "5bf5c097e304b2866d7256e3b50e8bcb3d8efe2760c28ae715305dbd4410e4fc",
    "https://esm.sh/rxjs@7.8.2/denonext/dist/esm/internal/operators/observeOn.mjs": "f7963f7965a9fbe91b9bd00161635adfb780fa91686831d7c12ef2eaff1c51e2",
    "https://esm.sh/rxjs@7.8.2/denonext/dist/esm/internal/operators/onErrorResumeNextWith.mjs": "3ad554bb0a4b4b0a7dfd39e5c28b9595d192f23774c3e82f937d97deceb0187a",
    "https://esm.sh/rxjs@7.8.2/denonext/dist/esm/internal/operators/pairwise.mjs": "e7858e052ab7fd7121ee42301306f7579955b36e252261e8190e4ba2edb33c0a",
    "https://esm.sh/rxjs@7.8.2/denonext/dist/esm/internal/operators/pluck.mjs": "662511d44e2b912c6fd69ecd542dddc2dd0b80ecb620a7f41381a1a962890072",
    "https://esm.sh/rxjs@7.8.2/denonext/dist/esm/internal/operators/publish.mjs": "37a4c012b83cda1ca4b13e8ad6ad7955cc5d9c04823b589a575c7db8f23c5afb",
    "https://esm.sh/rxjs@7.8.2/denonext/dist/esm/internal/operators/publishBehavior.mjs": "bcfb90e1ca544ffb55a8e181d1719a38d8094732d17d3ceddbb92cb11b6f1339",
    "https://esm.sh/rxjs@7.8.2/denonext/dist/esm/internal/operators/publishLast.mjs": "2c137dc0cf21dddb359f8350bf18b9471d3ea2db636ca4838da9bee89e1a727a",
    "https://esm.sh/rxjs@7.8.2/denonext/dist/esm/internal/operators/publishReplay.mjs": "b1df990120aa1009219292e4e7bb8f17a07b83fbbd9484416288c5d02073fc2b",
    "https://esm.sh/rxjs@7.8.2/denonext/dist/esm/internal/operators/raceWith.mjs": "aa5bcd071d5e8b16ef25d617787c5fcaf30953cca4062918578c9f44169a7699",
    "https://esm.sh/rxjs@7.8.2/denonext/dist/esm/internal/operators/reduce.mjs": "ca4a0ce21be6a2be8632c17eb8b7c6446b3899436e1f7e813535f5a4f8a65767",
    "https://esm.sh/rxjs@7.8.2/denonext/dist/esm/internal/operators/refCount.mjs": "e2efb5f601112502db8dc477a5470cc50bf1fd1a798a789257e9eac1cad4ac88",
    "https://esm.sh/rxjs@7.8.2/denonext/dist/esm/internal/operators/repeat.mjs": "6f3aea520e39ad8e8a02c745d2e1a60a6cbc8454979948aaafbcbaab9e50e5d1",
    "https://esm.sh/rxjs@7.8.2/denonext/dist/esm/internal/operators/repeatWhen.mjs": "0e73a912484bf98ba899b5cee8a0b77042b288cca6f0ea1d2e615c5d5e43119f",
    "https://esm.sh/rxjs@7.8.2/denonext/dist/esm/internal/operators/retry.mjs": "5fcaea9af1f9398d1f3fb236d308eeb2fb9e8e25100e696c666a908da0c18d25",
    "https://esm.sh/rxjs@7.8.2/denonext/dist/esm/internal/operators/retryWhen.mjs": "18f82639a2e73732e7a6772fd80db26b2b8b842ea492d4409cbcc55b926f4a1a",
    "https://esm.sh/rxjs@7.8.2/denonext/dist/esm/internal/operators/sample.mjs": "7fa81124516f89ec8d15911aa5c9c64e5b48fd757b27f3b01467d8c08ec21625",
    "https://esm.sh/rxjs@7.8.2/denonext/dist/esm/internal/operators/sampleTime.mjs": "69a8bfa37950e8c844d7fa453a246e05bce4e5f61968445c698c500b421ab379",
    "https://esm.sh/rxjs@7.8.2/denonext/dist/esm/internal/operators/scan.mjs": "01cb9f80f054bb1e82596e2e2c5071df02353036e73ff1fb8b22e638a258d48e",
    "https://esm.sh/rxjs@7.8.2/denonext/dist/esm/internal/operators/scanInternals.mjs": "fdd0f1ad3823d7585b981db98a84adf8d265c1be6c8e0525e1c82e6eb071fced",
    "https://esm.sh/rxjs@7.8.2/denonext/dist/esm/internal/operators/sequenceEqual.mjs": "c3b6ecaf27d2f80f74fb0414d19d4b11c4611ebe8bc684bb50f44be229996531",
    "https://esm.sh/rxjs@7.8.2/denonext/dist/esm/internal/operators/share.mjs": "27a30dd20e930d69af0cb2d60d3aea959f70782c8627b74120abecda431d62ef",
    "https://esm.sh/rxjs@7.8.2/denonext/dist/esm/internal/operators/shareReplay.mjs": "85747af8f30d687937d8e23ecc0c20586edf94600f4779ae48200386deafbc7d",
    "https://esm.sh/rxjs@7.8.2/denonext/dist/esm/internal/operators/single.mjs": "1d7b35098fafe59bc830a2752bcedd4afc01f20715902a4a3f7d1a4c46c42b15",
    "https://esm.sh/rxjs@7.8.2/denonext/dist/esm/internal/operators/skip.mjs": "bcf9eada973d0c784afdeca6b00fa41c232ea8717419f9c9cec2acfd5c84bd30",
    "https://esm.sh/rxjs@7.8.2/denonext/dist/esm/internal/operators/skipLast.mjs": "79965694483747b24cbcdbc3b50baf6a24ef9380652c8f1ccad0c7d40a8c64ba",
    "https://esm.sh/rxjs@7.8.2/denonext/dist/esm/internal/operators/skipUntil.mjs": "ea61cea8bbeb3a4bdaf895b90cb1a3d05221190d57d089542b7be2d3b24399a2",
    "https://esm.sh/rxjs@7.8.2/denonext/dist/esm/internal/operators/skipWhile.mjs": "9f571a15687d2610b13cc29babe678d1f833b9f8181278d56efff17d9de71dff",
    "https://esm.sh/rxjs@7.8.2/denonext/dist/esm/internal/operators/startWith.mjs": "c066cb3c23d361736ac4e14f285920c71d2439fe3db094ba3b59edd0e891147c",
    "https://esm.sh/rxjs@7.8.2/denonext/dist/esm/internal/operators/subscribeOn.mjs": "1c685460f6948a701404be8597a6b721cd8e1e7fc5379a45f891cbde250fd2e9",
    "https://esm.sh/rxjs@7.8.2/denonext/dist/esm/internal/operators/switchAll.mjs": "de64b6cd423bd57753a80f157bbca1ea1cbf70bd255797d946f564d5c877df75",
    "https://esm.sh/rxjs@7.8.2/denonext/dist/esm/internal/operators/switchMap.mjs": "e17be6fbe9da449776dda38facab7f595de8ced1976a54d9feaf20fb3cc3cde9",
    "https://esm.sh/rxjs@7.8.2/denonext/dist/esm/internal/operators/switchMapTo.mjs": "98447861ddae446a9022857cda056449b6c03ef998f9b61d4c7cbba2c502bd6f",
    "https://esm.sh/rxjs@7.8.2/denonext/dist/esm/internal/operators/switchScan.mjs": "acefa3f35f4dee2fc9f11313f8efccae72509447f0cc98094a7ac19921d3194f",
    "https://esm.sh/rxjs@7.8.2/denonext/dist/esm/internal/operators/take.mjs": "2e19dee07814d9f836db03e403b53d7046899485977681d3c1dcbb7f96c65528",
    "https://esm.sh/rxjs@7.8.2/denonext/dist/esm/internal/operators/takeLast.mjs": "1f89bc0c875911ccea312d07d63ad4611014f0111368051e4cba11f3371d8fb9",
    "https://esm.sh/rxjs@7.8.2/denonext/dist/esm/internal/operators/takeUntil.mjs": "bff6b436176170a3da099d49b7f4eb12523afebaa721af85257f5f67abb3f540",
    "https://esm.sh/rxjs@7.8.2/denonext/dist/esm/internal/operators/takeWhile.mjs": "0dedc78eebb91765147eb81566e7296086be34dbd5cab4d2ed124113206d7803",
    "https://esm.sh/rxjs@7.8.2/denonext/dist/esm/internal/operators/tap.mjs": "9c574f6ac160d5ed639f67b09d334de35c17736aa4e2e779bca1518beb291a8e",
    "https://esm.sh/rxjs@7.8.2/denonext/dist/esm/internal/operators/throttle.mjs": "1b3075256763077eef340abb77e6b7e3820a3a6cfb47ac6f80442c5d7dc2cb12",
    "https://esm.sh/rxjs@7.8.2/denonext/dist/esm/internal/operators/throttleTime.mjs": "298289f43ff60624dd991d8664877844ac3335dd95025ee32a92e3af43445cab",
    "https://esm.sh/rxjs@7.8.2/denonext/dist/esm/internal/operators/throwIfEmpty.mjs": "8c88a9b31a3c297135ba6a08e81ba27d18f54eeeaa3df9eb51b169c956e09993",
    "https://esm.sh/rxjs@7.8.2/denonext/dist/esm/internal/operators/timeInterval.mjs": "a6427e1f54c4d9433c3a95c331529c917bf65e8cd59ce8964e6e651ee26f62eb",
    "https://esm.sh/rxjs@7.8.2/denonext/dist/esm/internal/operators/timeout.mjs": "d68881ca07d5d941d24d476f22f4941b45dfcdc52b3c3f3ef1297ac6be80d661",
    "https://esm.sh/rxjs@7.8.2/denonext/dist/esm/internal/operators/timeoutWith.mjs": "9a3a778254ff7f63f101acabb60c6bc55b1180aab9e1f8c7b4564a9eb405ccae",
    "https://esm.sh/rxjs@7.8.2/denonext/dist/esm/internal/operators/timestamp.mjs": "3b732ea797da4ae6b4876e5bdc532f986c4072cafab986540a6aa9320161abce",
    "https://esm.sh/rxjs@7.8.2/denonext/dist/esm/internal/operators/toArray.mjs": "bbba06da296bf321d215746d841c875063713dfd1392c1a61eb870f74481c7a8",
    "https://esm.sh/rxjs@7.8.2/denonext/dist/esm/internal/operators/window.mjs": "2aaef33728ded8407708c61f59a35c7114062c936faeb8443da0bce5a095be68",
    "https://esm.sh/rxjs@7.8.2/denonext/dist/esm/internal/operators/windowCount.mjs": "0dbdd345cf315d97d4a4dcbd7662df2afb92ddf288d9452ed6e365bfdc1bfe78",
    "https://esm.sh/rxjs@7.8.2/denonext/dist/esm/internal/operators/windowTime.mjs": "c7acd14d87a8a31b93e35f03046d078e19e7f31b2018458844083bb1661eb601",
    "https://esm.sh/rxjs@7.8.2/denonext/dist/esm/internal/operators/windowToggle.mjs": "cc51ca441cba633c874939078d35406797e8160030676fce1ad9bbd1a3806e9e",
    "https://esm.sh/rxjs@7.8.2/denonext/dist/esm/internal/operators/windowWhen.mjs": "9e3c75c10ce6b3c256e7962dcf07eef40d130b3fc324b3214ff1c3b8c803785a",
    "https://esm.sh/rxjs@7.8.2/denonext/dist/esm/internal/operators/withLatestFrom.mjs": "327153d28ed5d79f1576e6d1d1f07d01292aab036e59aa102f0ec14d359bee20",
    "https://esm.sh/rxjs@7.8.2/denonext/dist/esm/internal/operators/zip.mjs": "86ec5503bb7ba793e1a196a6e4c8f9dfcabcbe07525ea1ea5b8321844f5ef252",
    "https://esm.sh/rxjs@7.8.2/denonext/dist/esm/internal/operators/zipAll.mjs": "e40d999056dcbdc6215b3686edd840320934326e58111fbdd2eb3f9c3081c883",
    "https://esm.sh/rxjs@7.8.2/denonext/dist/esm/internal/operators/zipWith.mjs": "574ea534575309ac644299f1c616b9fe02b55273d52e2484a77526d8042da82d",
    "https://esm.sh/rxjs@7.8.2/denonext/dist/esm/internal/scheduled/scheduleIterable.mjs": "e9b5cf47311c1e1fbab460107e9a547f741c2e53e68531ffacfbd91ea9c8ecca",
    "https://esm.sh/rxjs@7.8.2/denonext/dist/esm/internal/scheduled/scheduled.mjs": "b9641157494652e7cdcb61da3850951267ea33dac15476fd16be0af132fc3d39",
    "https://esm.sh/rxjs@7.8.2/denonext/dist/esm/internal/scheduler/AsyncAction.mjs": "4aee2995964ab0032f4955b824e10b4598e8e37577c164b3534d9907c4c736d9",
    "https://esm.sh/rxjs@7.8.2/denonext/dist/esm/internal/scheduler/AsyncScheduler.mjs": "838d0f6811e09c2c1aa9227b29dc03153fbca759ac1613c9ed0f3a0b1dc3a7a4",
    "https://esm.sh/rxjs@7.8.2/denonext/dist/esm/internal/scheduler/VirtualTimeScheduler.mjs": "13b9ae0e6bc1bde64fafea52d7f2eaee7d692cb71091fb36a9332aaa2487b6ea",
    "https://esm.sh/rxjs@7.8.2/denonext/dist/esm/internal/scheduler/animationFrameProvider.mjs": "4b53b0abfdd6b6a05f72b841baa7c6d24e595ff42fe7e5c5eca1415c460909d8",
    "https://esm.sh/rxjs@7.8.2/denonext/dist/esm/internal/scheduler/async.mjs": "30949d46fdc4df9c143b0933006d1a968aca85a3e250e8f32f2514727714ac68",
    "https://esm.sh/rxjs@7.8.2/denonext/dist/esm/internal/scheduler/dateTimestampProvider.mjs": "533e377446adadfd7a95c5ba578d43e82d8fca185d4df7aa84b5bbb3db0d4242",
    "https://esm.sh/rxjs@7.8.2/denonext/dist/esm/internal/scheduler/immediateProvider.mjs": "0649d2da1cf8160983811db0abdef0c42c9637dce081adf89cb0dc9cea186b02",
    "https://esm.sh/rxjs@7.8.2/denonext/dist/esm/internal/scheduler/intervalProvider.mjs": "63a8efa0ee0a6ac3f84bef332fb232199d9bdd324d5bcf969165b45a081eed3a",
    "https://esm.sh/rxjs@7.8.2/denonext/dist/esm/internal/scheduler/performanceTimestampProvider.mjs": "e2b3e94bd85a188971c2ae909e5538fe2ee252729f100d4f6edbda54aaf567d4",
    "https://esm.sh/rxjs@7.8.2/denonext/dist/esm/internal/scheduler/timeoutProvider.mjs": "1f00222b1736b16b79a9ccd1fe17fee2f75e4f13cbb56f599d43d6102c8fb5f5",
    "https://esm.sh/rxjs@7.8.2/denonext/dist/esm/internal/symbol/iterator.mjs": "71acc714cb196d0ac62142ba8530262aec5ee0ef574ba75eb62bdf3dd6cc6da9",
    "https://esm.sh/rxjs@7.8.2/denonext/dist/esm/internal/symbol/observable.mjs": "18d6205a509246c36c5fb3a1e4691ee99091f37df99657c7b7568803792a9881",
    "https://esm.sh/rxjs@7.8.2/denonext/dist/esm/internal/util/ArgumentOutOfRangeError.mjs": "2b1ed1d653a2b267e16bdde693561f3de1d2f6d057ba10caa41efd88d96c6e57",
    "https://esm.sh/rxjs@7.8.2/denonext/dist/esm/internal/util/EmptyError.mjs": "622bd9073eeb78310e6cafaab9f48e065cedac207c1b235af99e3e2331b00794",
    "https://esm.sh/rxjs@7.8.2/denonext/dist/esm/internal/util/NotFoundError.mjs": "b476badb7512005e720d67a1c18524b0e17b40b268dd03e37bfdd87f9eee89dd",
    "https://esm.sh/rxjs@7.8.2/denonext/dist/esm/internal/util/ObjectUnsubscribedError.mjs": "b56372b18d8accb5a048471f16f4d7f9f62c01c3bbafa61e920d85466ce72935",
    "https://esm.sh/rxjs@7.8.2/denonext/dist/esm/internal/util/SequenceError.mjs": "a5d4cffdd0be225e30515852b91c5ea915e87fc1e6eb79a4eaf0000bb4c74e57",
    "https://esm.sh/rxjs@7.8.2/denonext/dist/esm/internal/util/UnsubscriptionError.mjs": "2280d03d3931ec3eab8da0b2e4099b1dfda19d15d7221e9b7b04ce058a5dc334",
    "https://esm.sh/rxjs@7.8.2/denonext/dist/esm/internal/util/args.mjs": "d5dfeea6b6da7b73c2547e8a09961cbc13eba606f14a617aae9732729856295c",
    "https://esm.sh/rxjs@7.8.2/denonext/dist/esm/internal/util/argsArgArrayOrObject.mjs": "a560afe43a6b6f60b1d945d4c61506eb8aceee89471b9ad570fdbaa074bb8723",
    "https://esm.sh/rxjs@7.8.2/denonext/dist/esm/internal/util/argsOrArgArray.mjs": "ddb54b47df14c731cbaaff2e496ba587cc08f270a153c65f2f96b71589f3d58b",
    "https://esm.sh/rxjs@7.8.2/denonext/dist/esm/internal/util/arrRemove.mjs": "86aca554b9f74933585cf315d98839fcbcadb077e735d0100a6e2fa3a8609804",
    "https://esm.sh/rxjs@7.8.2/denonext/dist/esm/internal/util/createErrorClass.mjs": "beb14e6c349d3aec1d9a350658262925f79d5025b484698c590fa06defb1d44a",
    "https://esm.sh/rxjs@7.8.2/denonext/dist/esm/internal/util/createObject.mjs": "0cfc14045cf7f91d187183fbdcab9147153478ea9f1fd8c193141838619adaef",
    "https://esm.sh/rxjs@7.8.2/denonext/dist/esm/internal/util/errorContext.mjs": "2ca8b51bdb5b57778ccab8f037bf4574ecd811128fc0d34cbfcf630e6c854785",
    "https://esm.sh/rxjs@7.8.2/denonext/dist/esm/internal/util/executeSchedule.mjs": "24ab156336ba6e4ee9bae316753ee5f2f44425cd3a2e778ee81f12ce5f200b67",
    "https://esm.sh/rxjs@7.8.2/denonext/dist/esm/internal/util/identity.mjs": "9316037b912d4792ddb9fa690f12c2e8a2d6582ec82d27d5f368903d527da62a",
    "https://esm.sh/rxjs@7.8.2/denonext/dist/esm/internal/util/isArrayLike.mjs": "3fab284dc06199ff0d728dc741c6d26f02f52c35145f6743f64e5510cb89e48a",
    "https://esm.sh/rxjs@7.8.2/denonext/dist/esm/internal/util/isAsyncIterable.mjs": "12d4efe0cbbedc0148d7f8f4b41e2af16ca70154e91070d8bf18274530849ddc",
    "https://esm.sh/rxjs@7.8.2/denonext/dist/esm/internal/util/isDate.mjs": "b35d10e0cf91852c3d3099a293d5fe2d1d2b5d8eda54d245a6bf57704a68e870",
    "https://esm.sh/rxjs@7.8.2/denonext/dist/esm/internal/util/isFunction.mjs": "1142224b71f6aea052df7e197a8099597f12347a30706b0f0385c66c3bdbfbeb",
    "https://esm.sh/rxjs@7.8.2/denonext/dist/esm/internal/util/isInteropObservable.mjs": "3f3a2ce3fc9e71cc6bf908059c5a148e3214bd05ec46f69958e4a6311b332b15",
    "https://esm.sh/rxjs@7.8.2/denonext/dist/esm/internal/util/isIterable.mjs": "35f229a54fe41ff809470130ff17b784b5a154c1a09665b6db8332ebe1c11c34",
    "https://esm.sh/rxjs@7.8.2/denonext/dist/esm/internal/util/isPromise.mjs": "b3dc729ef4d9376917e6e7c3870a69f5eae3e83ef7afdcb1d05d4a8bdec1a824",
    "https://esm.sh/rxjs@7.8.2/denonext/dist/esm/internal/util/isReadableStreamLike.mjs": "2035945058b932e373edb19fd30f64d832389102ea36de2725037a778dcc0ec0",
    "https://esm.sh/rxjs@7.8.2/denonext/dist/esm/internal/util/isScheduler.mjs": "b96a864d4106c35fdd6263f98fe7b9231c8570cfc8b82a01a407487297065b8e",
    "https://esm.sh/rxjs@7.8.2/denonext/dist/esm/internal/util/lift.mjs": "4efcd9827bdce0395b91f5d2b9b06c0fdc63668c110a9dad3de7267b23b74b99",
    "https://esm.sh/rxjs@7.8.2/denonext/dist/esm/internal/util/mapOneOrManyArgs.mjs": "e6e6280f13b111c39a588520a70c17d1163c46ea479fb2146517b55871f47983",
    "https://esm.sh/rxjs@7.8.2/denonext/dist/esm/internal/util/noop.mjs": "e8830cbe9489a10d4beb2da8262735e6ff0c7ec5af0c5a3c3432a0bc2230a2c6",
    "https://esm.sh/rxjs@7.8.2/denonext/dist/esm/internal/util/not.mjs": "0064dc787d97bbe70e7cf4546b735f449c8c90772fdf2344dbc55fd9cfac3b11",
    "https://esm.sh/rxjs@7.8.2/denonext/dist/esm/internal/util/pipe.mjs": "e5f952fe8a9969a14547aaa04ee89445c5ab56ebed279b4a98ad8fbd22403db0",
    "https://esm.sh/rxjs@7.8.2/denonext/dist/esm/internal/util/reportUnhandledError.mjs": "dcb1e9eb2216a5d551f2fd7f8a2a534ed5048386f7818bfa3823b838a6736071",
    "https://esm.sh/rxjs@7.8.2/denonext/dist/esm/internal/util/throwUnobservableError.mjs": "ba3da59e367ae4a255f36cd0bfbf2d1408d231970b62102a26ea9001b2d49952",
    "https://esm.sh/rxjs@7.8.2/denonext/operators.mjs": "899d9bff4477cb398e6055fa7439ca2c57c02063f278d30b2f465028df0107b8",
    "https://esm.sh/rxjs@7.8.2/denonext/rxjs.mjs": "f4b1a60eb2866a80569c65cf85fa338acfd6a197a5de8f2c255596058354477b",
    "https://esm.sh/rxjs@7.8.2/operators?target=denonext": "b523bd95eb2419f560b43f989faf2fb72459680e423cb192dd287ae96413cb2a",
    "https://esm.sh/rxjs@7.8.2?target=denonext": "c4954f7b66fadc20c3064ba6d80e57e4db8e5c6d173e019d6822ca7b1ab96d1f",
    "https://esm.sh/tslib@2.8.1/denonext/tslib.mjs": "ebce3cd5facb654623020337f867b426ba95f71596ba87acc9e6c6f4e55905ca",
    "https://esm.sh/tslib@2.8.1?target=denonext": "a89cbf082a0ad54e87ea85d75e6d5492b3e2ff0c5de9e3e478206a015b3f3992"
  },
  "workspace": {
    "packageJson": {
      "dependencies": [
        "npm:date-fns@^4.1.0",
        "npm:prettier@^3.5.3",
        "npm:turbo@^2.5.3",
        "npm:typescript@5.8.2"
      ]
    },
    "members": {
      "apps/preview": {
        "packageJson": {
          "dependencies": [
            "npm:@repo/sanity@*",
            "npm:@repo/ui@*",
            "npm:@sanity/image-url@^1.1.0",
            "npm:@tailwindcss/postcss@4",
            "npm:@types/node@20",
            "npm:@types/react-dom@19",
            "npm:@types/react@19",
            "npm:date-fns@^4.1.0",
            "npm:groqd@~0.15.10",
            "npm:next-sanity@^9.9.6",
            "npm:next@15.2.4",
            "npm:react-dom@19",
            "npm:react@19",
            "npm:tailwindcss@4",
            "npm:typescript@5"
          ]
        }
      },
      "apps/website": {
        "packageJson": {
          "dependencies": [
            "npm:@repo/sanity@*",
            "npm:@repo/ui@*",
            "npm:@sanity/image-url@^1.1.0",
            "npm:@tailwindcss/postcss@4",
            "npm:@types/node@20",
            "npm:@types/react-dom@19",
            "npm:@types/react@19",
            "npm:date-fns@^4.1.0",
            "npm:groqd@~0.15.10",
            "npm:next-sanity@^9.9.6",
            "npm:next@15.2.4",
            "npm:prettier-plugin-tailwindcss@~0.6.12",
            "npm:prettier@^3.5.3",
            "npm:react-dom@19",
            "npm:react@19",
            "npm:serve@^14.2.5",
            "npm:tailwindcss@4",
            "npm:typescript@5"
          ]
        }
      },
      "packages/eslint-config": {
        "packageJson": {
          "dependencies": [
            "npm:@eslint/js@^9.27.0",
            "npm:@next/eslint-plugin-next@^15.3.0",
            "npm:eslint-config-prettier@^10.1.1",
            "npm:eslint-plugin-only-warn@^1.1.0",
            "npm:eslint-plugin-react-hooks@^5.2.0",
            "npm:eslint-plugin-react@^7.37.4",
            "npm:eslint-plugin-turbo@^2.5.0",
            "npm:eslint@^9.27.0",
            "npm:globals@^16.2.0",
            "npm:typescript-eslint@^8.32.0",
            "npm:typescript@^5.8.2"
          ]
        }
      },
      "packages/sanity": {
        "packageJson": {
          "dependencies": [
            "npm:groqd@~0.15.10",
            "npm:next-sanity@^9.9.6",
            "npm:typescript@5"
          ]
        }
      },
      "packages/ui": {
        "packageJson": {
          "dependencies": [
            "npm:@headlessui/react@^2.2.4",
            "npm:@heroicons/react@^2.2.0",
            "npm:@repo/eslint-config@*",
            "npm:@repo/sanity@*",
            "npm:@repo/typescript-config@*",
            "npm:@types/node@^22.15.3",
            "npm:@types/react-dom@19.1.1",
            "npm:@types/react@19.1.0",
            "npm:clsx@^2.1.1",
            "npm:eslint@^9.27.0",
            "npm:next-sanity@^9.9.6",
            "npm:react-dom@^19.1.0",
            "npm:react-photoswipe-gallery@^3.1.1",
            "npm:react@^19.1.0",
            "npm:swiper@^11.2.8",
            "npm:typescript@5.8.2"
          ]
        }
      }
    }
  }
}
